
Microsoft Visual Studio Solution File, Format Version 12.00
# Visual Studio Version 17
VisualStudioVersion = 17.3.32825.248
MinimumVisualStudioVersion = 10.0.40219.1
Project("{9A19103F-16F7-4668-BE54-9A1E7A4F7556}") = "PIIIProject", "PIIIProject.csproj", "{DD6BFB89-7C3A-4B1A-85E7-E96345A15E39}"
EndProject
Global
	GlobalSection(SolutionConfigurationPlatforms) = preSolution
		Debug|Any CPU = Debug|Any CPU
		Release|Any CPU = Release|Any CPU
	EndGlobalSection
	GlobalSection(ProjectConfigurationPlatforms) = postSolution
		{DD6BFB89-7C3A-4B1A-85E7-E96345A15E39}.Debug|Any CPU.ActiveCfg = Debug|Any CPU
		{DD6BFB89-7C3A-4B1A-85E7-E96345A15E39}.Debug|Any CPU.Build.0 = Debug|Any CPU
		{DD6BFB89-7C3A-4B1A-85E7-E96345A15E39}.Release|Any CPU.ActiveCfg = Release|Any CPU
		{DD6BFB89-7C3A-4B1A-85E7-E96345A15E39}.Release|Any CPU.Build.0 = Release|Any CPU
	EndGlobalSection
	GlobalSection(SolutionProperties) = preSolution
		HideSolutionNode = FALSE
	EndGlobalSection
	GlobalSection(ExtensibilityGlobals) = postSolution
		SolutionGuid = {E85044AE-DF53-40C1-992E-27B5C30F1D57}
	EndGlobalSection
EndGlobal
